// !$*UTF8*$!
{
	archiveVersion = 1;
	classes = {
	};
	objectVersion = 46;
	objects = {

/* Begin PBXBuildFile section */
		414A808C1901B3CB0099CD23 /* Foundation.framework in Frameworks */ = {isa = PBXBuildFile; fileRef = 414A808B1901B3CB0099CD23 /* Foundation.framework */; };
		414A808E1901B3CB0099CD23 /* CoreGraphics.framework in Frameworks */ = {isa = PBXBuildFile; fileRef = 414A808D1901B3CB0099CD23 /* CoreGraphics.framework */; };
		414A80901901B3CB0099CD23 /* UIKit.framework in Frameworks */ = {isa = PBXBuildFile; fileRef = 414A808F1901B3CB0099CD23 /* UIKit.framework */; };
		414A80961901B3CB0099CD23 /* InfoPlist.strings in Resources */ = {isa = PBXBuildFile; fileRef = 414A80941901B3CB0099CD23 /* InfoPlist.strings */; };
		414A80981901B3CB0099CD23 /* main.m in Sources */ = {isa = PBXBuildFile; fileRef = 414A80971901B3CB0099CD23 /* main.m */; };
		414A809C1901B3CB0099CD23 /* EXAppDelegate.m in Sources */ = {isa = PBXBuildFile; fileRef = 414A809B1901B3CB0099CD23 /* EXAppDelegate.m */; };
		414A809E1901B3CB0099CD23 /* Images.xcassets in Resources */ = {isa = PBXBuildFile; fileRef = 414A809D1901B3CB0099CD23 /* Images.xcassets */; };
		414A80A51901B3CB0099CD23 /* XCTest.framework in Frameworks */ = {isa = PBXBuildFile; fileRef = 414A80A41901B3CB0099CD23 /* XCTest.framework */; };
		414A80A61901B3CB0099CD23 /* Foundation.framework in Frameworks */ = {isa = PBXBuildFile; fileRef = 414A808B1901B3CB0099CD23 /* Foundation.framework */; };
		414A80A71901B3CB0099CD23 /* UIKit.framework in Frameworks */ = {isa = PBXBuildFile; fileRef = 414A808F1901B3CB0099CD23 /* UIKit.framework */; };
		414A80AF1901B3CB0099CD23 /* InfoPlist.strings in Resources */ = {isa = PBXBuildFile; fileRef = 414A80AD1901B3CB0099CD23 /* InfoPlist.strings */; };
		414A80B11901B3CB0099CD23 /* ExamplesTests.m in Sources */ = {isa = PBXBuildFile; fileRef = 414A80B01901B3CB0099CD23 /* ExamplesTests.m */; };
		414A80C31901B3F60099CD23 /* libRLModules.a in Frameworks */ = {isa = PBXBuildFile; fileRef = 414A80C01901B3E20099CD23 /* libRLModules.a */; };
		414A80C61901B48F0099CD23 /* EXModulesViewController.m in Sources */ = {isa = PBXBuildFile; fileRef = 414A80C51901B48F0099CD23 /* EXModulesViewController.m */; };
/* End PBXBuildFile section */

/* Begin PBXContainerItemProxy section */
		414A80A81901B3CB0099CD23 /* PBXContainerItemProxy */ = {
			isa = PBXContainerItemProxy;
			containerPortal = 414A80801901B3CB0099CD23 /* Project object */;
			proxyType = 1;
			remoteGlobalIDString = 414A80871901B3CB0099CD23;
			remoteInfo = Examples;
		};
		414A80BF1901B3E20099CD23 /* PBXContainerItemProxy */ = {
			isa = PBXContainerItemProxy;
			containerPortal = 414A80BA1901B3E20099CD23 /* RLModules.xcodeproj */;
			proxyType = 2;
			remoteGlobalIDString = 414A80431901781F0099CD23;
			remoteInfo = RLModules;
		};
		414A80C11901B3E20099CD23 /* PBXContainerItemProxy */ = {
			isa = PBXContainerItemProxy;
			containerPortal = 414A80BA1901B3E20099CD23 /* RLModules.xcodeproj */;
			proxyType = 2;
			remoteGlobalIDString = 414A80531901781F0099CD23;
			remoteInfo = RLModulesTests;
		};
/* End PBXContainerItemProxy section */

/* Begin PBXFileReference section */
		414A80881901B3CB0099CD23 /* Examples.app */ = {isa = PBXFileReference; explicitFileType = wrapper.application; includeInIndex = 0; path = Examples.app; sourceTree = BUILT_PRODUCTS_DIR; };
		414A808B1901B3CB0099CD23 /* Foundation.framework */ = {isa = PBXFileReference; lastKnownFileType = wrapper.framework; name = Foundation.framework; path = System/Library/Frameworks/Foundation.framework; sourceTree = SDKROOT; };
		414A808D1901B3CB0099CD23 /* CoreGraphics.framework */ = {isa = PBXFileReference; lastKnownFileType = wrapper.framework; name = CoreGraphics.framework; path = System/Library/Frameworks/CoreGraphics.framework; sourceTree = SDKROOT; };
		414A808F1901B3CB0099CD23 /* UIKit.framework */ = {isa = PBXFileReference; lastKnownFileType = wrapper.framework; name = UIKit.framework; path = System/Library/Frameworks/UIKit.framework; sourceTree = SDKROOT; };
		414A80931901B3CB0099CD23 /* Examples-Info.plist */ = {isa = PBXFileReference; lastKnownFileType = text.plist.xml; path = "Examples-Info.plist"; sourceTree = "<group>"; };
		414A80951901B3CB0099CD23 /* en */ = {isa = PBXFileReference; lastKnownFileType = text.plist.strings; name = en; path = en.lproj/InfoPlist.strings; sourceTree = "<group>"; };
		414A80971901B3CB0099CD23 /* main.m */ = {isa = PBXFileReference; lastKnownFileType = sourcecode.c.objc; path = main.m; sourceTree = "<group>"; };
		414A80991901B3CB0099CD23 /* Examples-Prefix.pch */ = {isa = PBXFileReference; lastKnownFileType = sourcecode.c.h; path = "Examples-Prefix.pch"; sourceTree = "<group>"; };
		414A809A1901B3CB0099CD23 /* EXAppDelegate.h */ = {isa = PBXFileReference; lastKnownFileType = sourcecode.c.h; path = EXAppDelegate.h; sourceTree = "<group>"; };
		414A809B1901B3CB0099CD23 /* EXAppDelegate.m */ = {isa = PBXFileReference; lastKnownFileType = sourcecode.c.objc; path = EXAppDelegate.m; sourceTree = "<group>"; };
		414A809D1901B3CB0099CD23 /* Images.xcassets */ = {isa = PBXFileReference; lastKnownFileType = folder.assetcatalog; path = Images.xcassets; sourceTree = "<group>"; };
		414A80A31901B3CB0099CD23 /* ExamplesTests.xctest */ = {isa = PBXFileReference; explicitFileType = wrapper.cfbundle; includeInIndex = 0; path = ExamplesTests.xctest; sourceTree = BUILT_PRODUCTS_DIR; };
		414A80A41901B3CB0099CD23 /* XCTest.framework */ = {isa = PBXFileReference; lastKnownFileType = wrapper.framework; name = XCTest.framework; path = Library/Frameworks/XCTest.framework; sourceTree = DEVELOPER_DIR; };
		414A80AC1901B3CB0099CD23 /* ExamplesTests-Info.plist */ = {isa = PBXFileReference; lastKnownFileType = text.plist.xml; path = "ExamplesTests-Info.plist"; sourceTree = "<group>"; };
		414A80AE1901B3CB0099CD23 /* en */ = {isa = PBXFileReference; lastKnownFileType = text.plist.strings; name = en; path = en.lproj/InfoPlist.strings; sourceTree = "<group>"; };
		414A80B01901B3CB0099CD23 /* ExamplesTests.m */ = {isa = PBXFileReference; lastKnownFileType = sourcecode.c.objc; path = ExamplesTests.m; sourceTree = "<group>"; };
		414A80BA1901B3E20099CD23 /* RLModules.xcodeproj */ = {isa = PBXFileReference; lastKnownFileType = "wrapper.pb-project"; name = RLModules.xcodeproj; path = ../RLModules/RLModules.xcodeproj; sourceTree = "<group>"; };
		414A80C41901B48F0099CD23 /* EXModulesViewController.h */ = {isa = PBXFileReference; fileEncoding = 4; lastKnownFileType = sourcecode.c.h; path = EXModulesViewController.h; sourceTree = "<group>"; };
		414A80C51901B48F0099CD23 /* EXModulesViewController.m */ = {isa = PBXFileReference; fileEncoding = 4; lastKnownFileType = sourcecode.c.objc; path = EXModulesViewController.m; sourceTree = "<group>"; };
/* End PBXFileReference section */

/* Begin PBXFrameworksBuildPhase section */
		414A80851901B3CB0099CD23 /* Frameworks */ = {
			isa = PBXFrameworksBuildPhase;
			buildActionMask = 2147483647;
			files = (
				414A80C31901B3F60099CD23 /* libRLModules.a in Frameworks */,
				414A808E1901B3CB0099CD23 /* CoreGraphics.framework in Frameworks */,
				414A80901901B3CB0099CD23 /* UIKit.framework in Frameworks */,
				414A808C1901B3CB0099CD23 /* Foundation.framework in Frameworks */,
			);
			runOnlyForDeploymentPostprocessing = 0;
		};
		414A80A01901B3CB0099CD23 /* Frameworks */ = {
			isa = PBXFrameworksBuildPhase;
			buildActionMask = 2147483647;
			files = (
				414A80A51901B3CB0099CD23 /* XCTest.framework in Frameworks */,
				414A80A71901B3CB0099CD23 /* UIKit.framework in Frameworks */,
				414A80A61901B3CB0099CD23 /* Foundation.framework in Frameworks */,
			);
			runOnlyForDeploymentPostprocessing = 0;
		};
/* End PBXFrameworksBuildPhase section */

/* Begin PBXGroup section */
		414A807F1901B3CB0099CD23 = {
			isa = PBXGroup;
			children = (
				414A80BA1901B3E20099CD23 /* RLModules.xcodeproj */,
				414A80911901B3CB0099CD23 /* Examples */,
				414A80AA1901B3CB0099CD23 /* ExamplesTests */,
				414A808A1901B3CB0099CD23 /* Frameworks */,
				414A80891901B3CB0099CD23 /* Products */,
			);
			sourceTree = "<group>";
		};
		414A80891901B3CB0099CD23 /* Products */ = {
			isa = PBXGroup;
			children = (
				414A80881901B3CB0099CD23 /* Examples.app */,
				414A80A31901B3CB0099CD23 /* ExamplesTests.xctest */,
			);
			name = Products;
			sourceTree = "<group>";
		};
		414A808A1901B3CB0099CD23 /* Frameworks */ = {
			isa = PBXGroup;
			children = (
				414A808B1901B3CB0099CD23 /* Foundation.framework */,
				414A808D1901B3CB0099CD23 /* CoreGraphics.framework */,
				414A808F1901B3CB0099CD23 /* UIKit.framework */,
				414A80A41901B3CB0099CD23 /* XCTest.framework */,
			);
			name = Frameworks;
			sourceTree = "<group>";
		};
		414A80911901B3CB0099CD23 /* Examples */ = {
			isa = PBXGroup;
			children = (
				414A809A1901B3CB0099CD23 /* EXAppDelegate.h */,
				414A809B1901B3CB0099CD23 /* EXAppDelegate.m */,
				414A80C41901B48F0099CD23 /* EXModulesViewController.h */,
				414A80C51901B48F0099CD23 /* EXModulesViewController.m */,
				414A809D1901B3CB0099CD23 /* Images.xcassets */,
				414A80921901B3CB0099CD23 /* Supporting Files */,
			);
			path = Examples;
			sourceTree = "<group>";
		};
		414A80921901B3CB0099CD23 /* Supporting Files */ = {
			isa = PBXGroup;
			children = (
				414A80931901B3CB0099CD23 /* Examples-Info.plist */,
				414A80941901B3CB0099CD23 /* InfoPlist.strings */,
				414A80971901B3CB0099CD23 /* main.m */,
				414A80991901B3CB0099CD23 /* Examples-Prefix.pch */,
			);
			name = "Supporting Files";
			sourceTree = "<group>";
		};
		414A80AA1901B3CB0099CD23 /* ExamplesTests */ = {
			isa = PBXGroup;
			children = (
				414A80B01901B3CB0099CD23 /* ExamplesTests.m */,
				414A80AB1901B3CB0099CD23 /* Supporting Files */,
			);
			path = ExamplesTests;
			sourceTree = "<group>";
		};
		414A80AB1901B3CB0099CD23 /* Supporting Files */ = {
			isa = PBXGroup;
			children = (
				414A80AC1901B3CB0099CD23 /* ExamplesTests-Info.plist */,
				414A80AD1901B3CB0099CD23 /* InfoPlist.strings */,
			);
			name = "Supporting Files";
			sourceTree = "<group>";
		};
		414A80BB1901B3E20099CD23 /* Products */ = {
			isa = PBXGroup;
			children = (
				414A80C01901B3E20099CD23 /* libRLModules.a */,
				414A80C21901B3E20099CD23 /* RLModulesTests.xctest */,
			);
			name = Products;
			sourceTree = "<group>";
		};
/* End PBXGroup section */

/* Begin PBXNativeTarget section */
		414A80871901B3CB0099CD23 /* Examples */ = {
			isa = PBXNativeTarget;
			buildConfigurationList = 414A80B41901B3CB0099CD23 /* Build configuration list for PBXNativeTarget "Examples" */;
			buildPhases = (
				414A80841901B3CB0099CD23 /* Sources */,
				414A80851901B3CB0099CD23 /* Frameworks */,
				414A80861901B3CB0099CD23 /* Resources */,
			);
			buildRules = (
			);
			dependencies = (
			);
			name = Examples;
			productName = Examples;
			productReference = 414A80881901B3CB0099CD23 /* Examples.app */;
			productType = "com.apple.product-type.application";
		};
		414A80A21901B3CB0099CD23 /* ExamplesTests */ = {
			isa = PBXNativeTarget;
			buildConfigurationList = 414A80B71901B3CB0099CD23 /* Build configuration list for PBXNativeTarget "ExamplesTests" */;
			buildPhases = (
				414A809F1901B3CB0099CD23 /* Sources */,
				414A80A01901B3CB0099CD23 /* Frameworks */,
				414A80A11901B3CB0099CD23 /* Resources */,
			);
			buildRules = (
			);
			dependencies = (
				414A80A91901B3CB0099CD23 /* PBXTargetDependency */,
			);
			name = ExamplesTests;
			productName = ExamplesTests;
			productReference = 414A80A31901B3CB0099CD23 /* ExamplesTests.xctest */;
			productType = "com.apple.product-type.bundle.unit-test";
		};
/* End PBXNativeTarget section */

/* Begin PBXProject section */
		414A80801901B3CB0099CD23 /* Project object */ = {
			isa = PBXProject;
			attributes = {
				CLASSPREFIX = EX;
				LastUpgradeCheck = 0510;
				ORGANIZATIONNAME = eBay;
				TargetAttributes = {
					414A80A21901B3CB0099CD23 = {
						TestTargetID = 414A80871901B3CB0099CD23;
					};
				};
			};
			buildConfigurationList = 414A80831901B3CB0099CD23 /* Build configuration list for PBXProject "Examples" */;
			compatibilityVersion = "Xcode 3.2";
			developmentRegion = English;
			hasScannedForEncodings = 0;
			knownRegions = (
				en,
			);
			mainGroup = 414A807F1901B3CB0099CD23;
			productRefGroup = 414A80891901B3CB0099CD23 /* Products */;
			projectDirPath = "";
			projectReferences = (
				{
					ProductGroup = 414A80BB1901B3E20099CD23 /* Products */;
					ProjectRef = 414A80BA1901B3E20099CD23 /* RLModules.xcodeproj */;
				},
			);
			projectRoot = "";
			targets = (
				414A80871901B3CB0099CD23 /* Examples */,
				414A80A21901B3CB0099CD23 /* ExamplesTests */,
			);
		};
/* End PBXProject section */

/* Begin PBXReferenceProxy section */
		414A80C01901B3E20099CD23 /* libRLModules.a */ = {
			isa = PBXReferenceProxy;
			fileType = archive.ar;
			path = libRLModules.a;
			remoteRef = 414A80BF1901B3E20099CD23 /* PBXContainerItemProxy */;
			sourceTree = BUILT_PRODUCTS_DIR;
		};
		414A80C21901B3E20099CD23 /* RLModulesTests.xctest */ = {
			isa = PBXReferenceProxy;
			fileType = wrapper.cfbundle;
			path = RLModulesTests.xctest;
			remoteRef = 414A80C11901B3E20099CD23 /* PBXContainerItemProxy */;
			sourceTree = BUILT_PRODUCTS_DIR;
		};
/* End PBXReferenceProxy section */

/* Begin PBXResourcesBuildPhase section */
		414A80861901B3CB0099CD23 /* Resources */ = {
			isa = PBXResourcesBuildPhase;
			buildActionMask = 2147483647;
			files = (
				414A80961901B3CB0099CD23 /* InfoPlist.strings in Resources */,
				414A809E1901B3CB0099CD23 /* Images.xcassets in Resources */,
			);
			runOnlyForDeploymentPostprocessing = 0;
		};
		414A80A11901B3CB0099CD23 /* Resources */ = {
			isa = PBXResourcesBuildPhase;
			buildActionMask = 2147483647;
			files = (
				414A80AF1901B3CB0099CD23 /* InfoPlist.strings in Resources */,
			);
			runOnlyForDeploymentPostprocessing = 0;
		};
/* End PBXResourcesBuildPhase section */

/* Begin PBXSourcesBuildPhase section */
		414A80841901B3CB0099CD23 /* Sources */ = {
			isa = PBXSourcesBuildPhase;
			buildActionMask = 2147483647;
			files = (
				414A80C61901B48F0099CD23 /* EXModulesViewController.m in Sources */,
				414A80981901B3CB0099CD23 /* main.m in Sources */,
				414A809C1901B3CB0099CD23 /* EXAppDelegate.m in Sources */,
			);
			runOnlyForDeploymentPostprocessing = 0;
		};
		414A809F1901B3CB0099CD23 /* Sources */ = {
			isa = PBXSourcesBuildPhase;
			buildActionMask = 2147483647;
			files = (
				414A80B11901B3CB0099CD23 /* ExamplesTests.m in Sources */,
			);
			runOnlyForDeploymentPostprocessing = 0;
		};
/* End PBXSourcesBuildPhase section */

/* Begin PBXTargetDependency section */
		414A80A91901B3CB0099CD23 /* PBXTargetDependency */ = {
			isa = PBXTargetDependency;
			target = 414A80871901B3CB0099CD23 /* Examples */;
			targetProxy = 414A80A81901B3CB0099CD23 /* PBXContainerItemProxy */;
		};
/* End PBXTargetDependency section */

/* Begin PBXVariantGroup section */
		414A80941901B3CB0099CD23 /* InfoPlist.strings */ = {
			isa = PBXVariantGroup;
			children = (
				414A80951901B3CB0099CD23 /* en */,
			);
			name = InfoPlist.strings;
			sourceTree = "<group>";
		};
		414A80AD1901B3CB0099CD23 /* InfoPlist.strings */ = {
			isa = PBXVariantGroup;
			children = (
				414A80AE1901B3CB0099CD23 /* en */,
			);
			name = InfoPlist.strings;
			sourceTree = "<group>";
		};
/* End PBXVariantGroup section */

/* Begin XCBuildConfiguration section */
		414A80B21901B3CB0099CD23 /* Debug */ = {
			isa = XCBuildConfiguration;
			buildSettings = {
				ALWAYS_SEARCH_USER_PATHS = NO;
				CLANG_CXX_LANGUAGE_STANDARD = "gnu++0x";
				CLANG_CXX_LIBRARY = "libc++";
				CLANG_ENABLE_MODULES = YES;
				CLANG_ENABLE_OBJC_ARC = YES;
				CLANG_WARN_BOOL_CONVERSION = YES;
				CLANG_WARN_CONSTANT_CONVERSION = YES;
				CLANG_WARN_DIRECT_OBJC_ISA_USAGE = YES_ERROR;
				CLANG_WARN_EMPTY_BODY = YES;
				CLANG_WARN_ENUM_CONVERSION = YES;
				CLANG_WARN_INT_CONVERSION = YES;
				CLANG_WARN_OBJC_ROOT_CLASS = YES_ERROR;
				CLANG_WARN__DUPLICATE_METHOD_MATCH = YES;
				"CODE_SIGN_IDENTITY[sdk=iphoneos*]" = "iPhone Developer";
				COPY_PHASE_STRIP = NO;
				GCC_C_LANGUAGE_STANDARD = gnu99;
				GCC_DYNAMIC_NO_PIC = NO;
				GCC_OPTIMIZATION_LEVEL = 0;
				GCC_PREPROCESSOR_DEFINITIONS = (
					"DEBUG=1",
					"$(inherited)",
				);
				GCC_SYMBOLS_PRIVATE_EXTERN = NO;
				GCC_WARN_64_TO_32_BIT_CONVERSION = YES;
				GCC_WARN_ABOUT_RETURN_TYPE = YES_ERROR;
				GCC_WARN_UNDECLARED_SELECTOR = YES;
				GCC_WARN_UNINITIALIZED_AUTOS = YES_AGGRESSIVE;
				GCC_WARN_UNUSED_FUNCTION = YES;
				GCC_WARN_UNUSED_VARIABLE = YES;
				IPHONEOS_DEPLOYMENT_TARGET = 7.1;
				ONLY_ACTIVE_ARCH = YES;
				SDKROOT = iphoneos;
				TARGETED_DEVICE_FAMILY = "1,2";
			};
			name = Debug;
		};
		414A80B31901B3CB0099CD23 /* Release */ = {
			isa = XCBuildConfiguration;
			buildSettings = {
				ALWAYS_SEARCH_USER_PATHS = NO;
				CLANG_CXX_LANGUAGE_STANDARD = "gnu++0x";
				CLANG_CXX_LIBRARY = "libc++";
				CLANG_ENABLE_MODULES = YES;
				CLANG_ENABLE_OBJC_ARC = YES;
				CLANG_WARN_BOOL_CONVERSION = YES;
				CLANG_WARN_CONSTANT_CONVERSION = YES;
				CLANG_WARN_DIRECT_OBJC_ISA_USAGE = YES_ERROR;
				CLANG_WARN_EMPTY_BODY = YES;
				CLANG_WARN_ENUM_CONVERSION = YES;
				CLANG_WARN_INT_CONVERSION = YES;
				CLANG_WARN_OBJC_ROOT_CLASS = YES_ERROR;
				CLANG_WARN__DUPLICATE_METHOD_MATCH = YES;
				"CODE_SIGN_IDENTITY[sdk=iphoneos*]" = "iPhone Developer";
				COPY_PHASE_STRIP = YES;
				ENABLE_NS_ASSERTIONS = NO;
				GCC_C_LANGUAGE_STANDARD = gnu99;
				GCC_WARN_64_TO_32_BIT_CONVERSION = YES;
				GCC_WARN_ABOUT_RETURN_TYPE = YES_ERROR;
				GCC_WARN_UNDECLARED_SELECTOR = YES;
				GCC_WARN_UNINITIALIZED_AUTOS = YES_AGGRESSIVE;
				GCC_WARN_UNUSED_FUNCTION = YES;
				GCC_WARN_UNUSED_VARIABLE = YES;
				IPHONEOS_DEPLOYMENT_TARGET = 7.1;
				SDKROOT = iphoneos;
				TARGETED_DEVICE_FAMILY = "1,2";
				VALIDATE_PRODUCT = YES;
			};
			name = Release;
		};
		414A80B51901B3CB0099CD23 /* Debug */ = {
			isa = XCBuildConfiguration;
			buildSettings = {
				ASSETCATALOG_COMPILER_APPICON_NAME = AppIcon;
				ASSETCATALOG_COMPILER_LAUNCHIMAGE_NAME = LaunchImage;
				GCC_PRECOMPILE_PREFIX_HEADER = YES;
				GCC_PREFIX_HEADER = "Examples/Examples-Prefix.pch";
				HEADER_SEARCH_PATHS = (
					"$(inherited)",
					/Applications/Xcode.app/Contents/Developer/Toolchains/XcodeDefault.xctoolchain/usr/include,
					"$(SOURCE_ROOT)/../RLModules",
				);
				INFOPLIST_FILE = "Examples/Examples-Info.plist";
				PRODUCT_NAME = "$(TARGET_NAME)";
				WRAPPER_EXTENSION = app;
			};
			name = Debug;
		};
		414A80B61901B3CB0099CD23 /* Release */ = {
			isa = XCBuildConfiguration;
			buildSettings = {
				ASSETCATALOG_COMPILER_APPICON_NAME = AppIcon;
				ASSETCATALOG_COMPILER_LAUNCHIMAGE_NAME = LaunchImage;
				GCC_PRECOMPILE_PREFIX_HEADER = YES;
				GCC_PREFIX_HEADER = "Examples/Examples-Prefix.pch";
				HEADER_SEARCH_PATHS = (
					"$(inherited)",
					/Applications/Xcode.app/Contents/Developer/Toolchains/XcodeDefault.xctoolchain/usr/include,
					"$(SOURCE_ROOT)/../RLModules",
				);
				INFOPLIST_FILE = "Examples/Examples-Info.plist";
				PRODUCT_NAME = "$(TARGET_NAME)";
				WRAPPER_EXTENSION = app;
			};
			name = Release;
		};
		414A80B81901B3CB0099CD23 /* Debug */ = {
			isa = XCBuildConfiguration;
			buildSettings = {
				BUNDLE_LOADER = "$(BUILT_PRODUCTS_DIR)/Examples.app/Examples";
				FRAMEWORK_SEARCH_PATHS = (
					"$(SDKROOT)/Developer/Library/Frameworks",
					"$(inherited)",
					"$(DEVELOPER_FRAMEWORKS_DIR)",
				);
				GCC_PRECOMPILE_PREFIX_HEADER = YES;
				GCC_PREFIX_HEADER = "Examples/Examples-Prefix.pch";
				GCC_PREPROCESSOR_DEFINITIONS = (
					"DEBUG=1",
					"$(inherited)",
				);
				INFOPLIST_FILE = "ExamplesTests/ExamplesTests-Info.plist";
				PRODUCT_NAME = "$(TARGET_NAME)";
				TEST_HOST = "$(BUNDLE_LOADER)";
				WRAPPER_EXTENSION = xctest;
			};
			name = Debug;
		};
		414A80B91901B3CB0099CD23 /* Release */ = {
			isa = XCBuildConfiguration;
			buildSettings = {
				BUNDLE_LOADER = "$(BUILT_PRODUCTS_DIR)/Examples.app/Examples";
				FRAMEWORK_SEARCH_PATHS = (
					"$(SDKROOT)/Developer/Library/Frameworks",
					"$(inherited)",
					"$(DEVELOPER_FRAMEWORKS_DIR)",
				);
				GCC_PRECOMPILE_PREFIX_HEADER = YES;
				GCC_PREFIX_HEADER = "Examples/Examples-Prefix.pch";
				INFOPLIST_FILE = "ExamplesTests/ExamplesTests-Info.plist";
				PRODUCT_NAME = "$(TARGET_NAME)";
				TEST_HOST = "$(BUNDLE_LOADER)";
				WRAPPER_EXTENSION = xctest;
			};
			name = Release;
		};
/* End XCBuildConfiguration section */

/* Begin XCConfigurationList section */
		414A80831901B3CB0099CD23 /* Build configuration list for PBXProject "Examples" */ = {
			isa = XCConfigurationList;
			buildConfigurations = (
				414A80B21901B3CB0099CD23 /* Debug */,
				414A80B31901B3CB0099CD23 /* Release */,
			);
			defaultConfigurationIsVisible = 0;
			defaultConfigurationName = Release;
		};
		414A80B41901B3CB0099CD23 /* Build configuration list for PBXNativeTarget "Examples" */ = {
			isa = XCConfigurationList;
			buildConfigurations = (
				414A80B51901B3CB0099CD23 /* Debug */,
				414A80B61901B3CB0099CD23 /* Release */,
			);
			defaultConfigurationIsVisible = 0;
		};
		414A80B71901B3CB0099CD23 /* Build configuration list for PBXNativeTarget "ExamplesTests" */ = {
			isa = XCConfigurationList;
			buildConfigurations = (
				414A80B81901B3CB0099CD23 /* Debug */,
				414A80B91901B3CB0099CD23 /* Release */,
			);
			defaultConfigurationIsVisible = 0;
		};
/* End XCConfigurationList section */
	};
	rootObject = 414A80801901B3CB0099CD23 /* Project object */;
}
