// !$*UTF8*$!
{
	archiveVersion = 1;
	classes = {
	};
	objectVersion = 46;
	objects = {

/* Begin PBXBuildFile section */
		414A80471901781F0099CD23 /* Foundation.framework in Frameworks */ = {isa = PBXBuildFile; fileRef = 414A80461901781F0099CD23 /* Foundation.framework */; };
		414A804C1901781F0099CD23 /* RLModules.h in CopyFiles */ = {isa = PBXBuildFile; fileRef = 414A804B1901781F0099CD23 /* RLModules.h */; };
		414A80551901781F0099CD23 /* XCTest.framework in Frameworks */ = {isa = PBXBuildFile; fileRef = 414A80541901781F0099CD23 /* XCTest.framework */; };
		414A80561901781F0099CD23 /* Foundation.framework in Frameworks */ = {isa = PBXBuildFile; fileRef = 414A80461901781F0099CD23 /* Foundation.framework */; };
		414A80581901781F0099CD23 /* UIKit.framework in Frameworks */ = {isa = PBXBuildFile; fileRef = 414A80571901781F0099CD23 /* UIKit.framework */; };
		414A805B1901781F0099CD23 /* libRLModules.a in Frameworks */ = {isa = PBXBuildFile; fileRef = 414A80431901781F0099CD23 /* libRLModules.a */; };
		414A80611901781F0099CD23 /* InfoPlist.strings in Resources */ = {isa = PBXBuildFile; fileRef = 414A805F1901781F0099CD23 /* InfoPlist.strings */; };
		414A80631901781F0099CD23 /* RLModulesTests.m in Sources */ = {isa = PBXBuildFile; fileRef = 414A80621901781F0099CD23 /* RLModulesTests.m */; };
		414A806F190178540099CD23 /* RLModule.m in Sources */ = {isa = PBXBuildFile; fileRef = 414A806E190178540099CD23 /* RLModule.m */; };
		414A80721901806F0099CD23 /* RLTableModule.m in Sources */ = {isa = PBXBuildFile; fileRef = 414A80711901806F0099CD23 /* RLTableModule.m */; };
		414A80751901816F0099CD23 /* RLGridModule.m in Sources */ = {isa = PBXBuildFile; fileRef = 414A80741901816F0099CD23 /* RLGridModule.m */; };
		414A8079190187EB0099CD23 /* RLModulesViewController.m in Sources */ = {isa = PBXBuildFile; fileRef = 414A8078190187EB0099CD23 /* RLModulesViewController.m */; };
		414A807D190188E50099CD23 /* RLModulesCollectionViewLayout.m in Sources */ = {isa = PBXBuildFile; fileRef = 414A807C190188E50099CD23 /* RLModulesCollectionViewLayout.m */; };
		43F097421901FFA000DF0083 /* RLLayoutModule.m in Sources */ = {isa = PBXBuildFile; fileRef = 43F097411901FFA000DF0083 /* RLLayoutModule.m */; };
		43F09745190205A300DF0083 /* RLMasonryModule.m in Sources */ = {isa = PBXBuildFile; fileRef = 43F09744190205A300DF0083 /* RLMasonryModule.m */; };
		43F097481902205800DF0083 /* RLComposedModule.m in Sources */ = {isa = PBXBuildFile; fileRef = 43F097471902205800DF0083 /* RLComposedModule.m */; };
		43F0974B1902227C00DF0083 /* RLComposedArrayModule.m in Sources */ = {isa = PBXBuildFile; fileRef = 43F0974A1902227C00DF0083 /* RLComposedArrayModule.m */; };
/* End PBXBuildFile section */

/* Begin PBXContainerItemProxy section */
		414A80591901781F0099CD23 /* PBXContainerItemProxy */ = {
			isa = PBXContainerItemProxy;
			containerPortal = 414A803B1901781F0099CD23 /* Project object */;
			proxyType = 1;
			remoteGlobalIDString = 414A80421901781F0099CD23;
			remoteInfo = RLModules;
		};
/* End PBXContainerItemProxy section */

/* Begin PBXCopyFilesBuildPhase section */
		414A80411901781F0099CD23 /* CopyFiles */ = {
			isa = PBXCopyFilesBuildPhase;
			buildActionMask = 2147483647;
			dstPath = "include/$(PRODUCT_NAME)";
			dstSubfolderSpec = 16;
			files = (
				414A804C1901781F0099CD23 /* RLModules.h in CopyFiles */,
			);
			runOnlyForDeploymentPostprocessing = 0;
		};
/* End PBXCopyFilesBuildPhase section */

/* Begin PBXFileReference section */
		414A80431901781F0099CD23 /* libRLModules.a */ = {isa = PBXFileReference; explicitFileType = archive.ar; includeInIndex = 0; path = libRLModules.a; sourceTree = BUILT_PRODUCTS_DIR; };
		414A80461901781F0099CD23 /* Foundation.framework */ = {isa = PBXFileReference; lastKnownFileType = wrapper.framework; name = Foundation.framework; path = System/Library/Frameworks/Foundation.framework; sourceTree = SDKROOT; };
		414A804A1901781F0099CD23 /* RLModules-Prefix.pch */ = {isa = PBXFileReference; lastKnownFileType = sourcecode.c.h; path = "RLModules-Prefix.pch"; sourceTree = "<group>"; };
		414A804B1901781F0099CD23 /* RLModules.h */ = {isa = PBXFileReference; lastKnownFileType = sourcecode.c.h; path = RLModules.h; sourceTree = "<group>"; };
		414A80531901781F0099CD23 /* RLModulesTests.xctest */ = {isa = PBXFileReference; explicitFileType = wrapper.cfbundle; includeInIndex = 0; path = RLModulesTests.xctest; sourceTree = BUILT_PRODUCTS_DIR; };
		414A80541901781F0099CD23 /* XCTest.framework */ = {isa = PBXFileReference; lastKnownFileType = wrapper.framework; name = XCTest.framework; path = Library/Frameworks/XCTest.framework; sourceTree = DEVELOPER_DIR; };
		414A80571901781F0099CD23 /* UIKit.framework */ = {isa = PBXFileReference; lastKnownFileType = wrapper.framework; name = UIKit.framework; path = Library/Frameworks/UIKit.framework; sourceTree = DEVELOPER_DIR; };
		414A805E1901781F0099CD23 /* RLModulesTests-Info.plist */ = {isa = PBXFileReference; lastKnownFileType = text.plist.xml; path = "RLModulesTests-Info.plist"; sourceTree = "<group>"; };
		414A80601901781F0099CD23 /* en */ = {isa = PBXFileReference; lastKnownFileType = text.plist.strings; name = en; path = en.lproj/InfoPlist.strings; sourceTree = "<group>"; };
		414A80621901781F0099CD23 /* RLModulesTests.m */ = {isa = PBXFileReference; lastKnownFileType = sourcecode.c.objc; path = RLModulesTests.m; sourceTree = "<group>"; };
		414A806D190178540099CD23 /* RLModule.h */ = {isa = PBXFileReference; fileEncoding = 4; lastKnownFileType = sourcecode.c.h; path = RLModule.h; sourceTree = "<group>"; };
		414A806E190178540099CD23 /* RLModule.m */ = {isa = PBXFileReference; fileEncoding = 4; lastKnownFileType = sourcecode.c.objc; path = RLModule.m; sourceTree = "<group>"; };
		414A80701901806F0099CD23 /* RLTableModule.h */ = {isa = PBXFileReference; fileEncoding = 4; lastKnownFileType = sourcecode.c.h; path = RLTableModule.h; sourceTree = "<group>"; };
		414A80711901806F0099CD23 /* RLTableModule.m */ = {isa = PBXFileReference; fileEncoding = 4; lastKnownFileType = sourcecode.c.objc; path = RLTableModule.m; sourceTree = "<group>"; };
		414A80731901816F0099CD23 /* RLGridModule.h */ = {isa = PBXFileReference; fileEncoding = 4; lastKnownFileType = sourcecode.c.h; path = RLGridModule.h; sourceTree = "<group>"; };
		414A80741901816F0099CD23 /* RLGridModule.m */ = {isa = PBXFileReference; fileEncoding = 4; lastKnownFileType = sourcecode.c.objc; path = RLGridModule.m; sourceTree = "<group>"; };
		414A8077190187EB0099CD23 /* RLModulesViewController.h */ = {isa = PBXFileReference; fileEncoding = 4; lastKnownFileType = sourcecode.c.h; path = RLModulesViewController.h; sourceTree = "<group>"; };
		414A8078190187EB0099CD23 /* RLModulesViewController.m */ = {isa = PBXFileReference; fileEncoding = 4; lastKnownFileType = sourcecode.c.objc; path = RLModulesViewController.m; sourceTree = "<group>"; };
		414A807B190188E50099CD23 /* RLModulesCollectionViewLayout.h */ = {isa = PBXFileReference; fileEncoding = 4; lastKnownFileType = sourcecode.c.h; path = RLModulesCollectionViewLayout.h; sourceTree = "<group>"; };
		414A807C190188E50099CD23 /* RLModulesCollectionViewLayout.m */ = {isa = PBXFileReference; fileEncoding = 4; lastKnownFileType = sourcecode.c.objc; path = RLModulesCollectionViewLayout.m; sourceTree = "<group>"; };
		414A807E190198F10099CD23 /* RLModule+Implementation.h */ = {isa = PBXFileReference; lastKnownFileType = sourcecode.c.h; path = "RLModule+Implementation.h"; sourceTree = "<group>"; };
		43F097401901FFA000DF0083 /* RLLayoutModule.h */ = {isa = PBXFileReference; fileEncoding = 4; lastKnownFileType = sourcecode.c.h; path = RLLayoutModule.h; sourceTree = "<group>"; };
		43F097411901FFA000DF0083 /* RLLayoutModule.m */ = {isa = PBXFileReference; fileEncoding = 4; lastKnownFileType = sourcecode.c.objc; path = RLLayoutModule.m; sourceTree = "<group>"; };
		43F09743190205A300DF0083 /* RLMasonryModule.h */ = {isa = PBXFileReference; fileEncoding = 4; lastKnownFileType = sourcecode.c.h; path = RLMasonryModule.h; sourceTree = "<group>"; };
		43F09744190205A300DF0083 /* RLMasonryModule.m */ = {isa = PBXFileReference; fileEncoding = 4; lastKnownFileType = sourcecode.c.objc; path = RLMasonryModule.m; sourceTree = "<group>"; };
		43F097461902205800DF0083 /* RLComposedModule.h */ = {isa = PBXFileReference; fileEncoding = 4; lastKnownFileType = sourcecode.c.h; path = RLComposedModule.h; sourceTree = "<group>"; };
		43F097471902205800DF0083 /* RLComposedModule.m */ = {isa = PBXFileReference; fileEncoding = 4; lastKnownFileType = sourcecode.c.objc; path = RLComposedModule.m; sourceTree = "<group>"; };
		43F097491902227C00DF0083 /* RLComposedArrayModule.h */ = {isa = PBXFileReference; fileEncoding = 4; lastKnownFileType = sourcecode.c.h; path = RLComposedArrayModule.h; sourceTree = "<group>"; };
		43F0974A1902227C00DF0083 /* RLComposedArrayModule.m */ = {isa = PBXFileReference; fileEncoding = 4; lastKnownFileType = sourcecode.c.objc; path = RLComposedArrayModule.m; sourceTree = "<group>"; };
/* End PBXFileReference section */

/* Begin PBXFrameworksBuildPhase section */
		414A80401901781F0099CD23 /* Frameworks */ = {
			isa = PBXFrameworksBuildPhase;
			buildActionMask = 2147483647;
			files = (
				414A80471901781F0099CD23 /* Foundation.framework in Frameworks */,
			);
			runOnlyForDeploymentPostprocessing = 0;
		};
		414A80501901781F0099CD23 /* Frameworks */ = {
			isa = PBXFrameworksBuildPhase;
			buildActionMask = 2147483647;
			files = (
				414A80551901781F0099CD23 /* XCTest.framework in Frameworks */,
				414A80581901781F0099CD23 /* UIKit.framework in Frameworks */,
				414A80561901781F0099CD23 /* Foundation.framework in Frameworks */,
				414A805B1901781F0099CD23 /* libRLModules.a in Frameworks */,
			);
			runOnlyForDeploymentPostprocessing = 0;
		};
/* End PBXFrameworksBuildPhase section */

/* Begin PBXGroup section */
		414A803A1901781F0099CD23 = {
			isa = PBXGroup;
			children = (
				414A80481901781F0099CD23 /* RLModules */,
				414A805C1901781F0099CD23 /* RLModulesTests */,
				414A80451901781F0099CD23 /* Frameworks */,
				414A80441901781F0099CD23 /* Products */,
			);
			sourceTree = "<group>";
		};
		414A80441901781F0099CD23 /* Products */ = {
			isa = PBXGroup;
			children = (
				414A80431901781F0099CD23 /* libRLModules.a */,
				414A80531901781F0099CD23 /* RLModulesTests.xctest */,
			);
			name = Products;
			sourceTree = "<group>";
		};
		414A80451901781F0099CD23 /* Frameworks */ = {
			isa = PBXGroup;
			children = (
				414A80461901781F0099CD23 /* Foundation.framework */,
				414A80541901781F0099CD23 /* XCTest.framework */,
				414A80571901781F0099CD23 /* UIKit.framework */,
			);
			name = Frameworks;
			sourceTree = "<group>";
		};
		414A80481901781F0099CD23 /* RLModules */ = {
			isa = PBXGroup;
			children = (
				414A804B1901781F0099CD23 /* RLModules.h */,
				414A807A190188D10099CD23 /* Layout */,
				414A806C190178420099CD23 /* Modules */,
				414A8076190187D70099CD23 /* View Controller */,
				414A80491901781F0099CD23 /* Supporting Files */,
			);
			path = RLModules;
			sourceTree = "<group>";
		};
		414A80491901781F0099CD23 /* Supporting Files */ = {
			isa = PBXGroup;
			children = (
				414A804A1901781F0099CD23 /* RLModules-Prefix.pch */,
			);
			name = "Supporting Files";
			sourceTree = "<group>";
		};
		414A805C1901781F0099CD23 /* RLModulesTests */ = {
			isa = PBXGroup;
			children = (
				414A80621901781F0099CD23 /* RLModulesTests.m */,
				414A805D1901781F0099CD23 /* Supporting Files */,
			);
			path = RLModulesTests;
			sourceTree = "<group>";
		};
		414A805D1901781F0099CD23 /* Supporting Files */ = {
			isa = PBXGroup;
			children = (
				414A805E1901781F0099CD23 /* RLModulesTests-Info.plist */,
				414A805F1901781F0099CD23 /* InfoPlist.strings */,
			);
			name = "Supporting Files";
			sourceTree = "<group>";
		};
		414A806C190178420099CD23 /* Modules */ = {
			isa = PBXGroup;
			children = (
				414A806D190178540099CD23 /* RLModule.h */,
				414A807E190198F10099CD23 /* RLModule+Implementation.h */,
				414A806E190178540099CD23 /* RLModule.m */,
				43F0973A1901E52D00DF0083 /* Composed */,
				43F097391901E52200DF0083 /* Layout */,
			);
			name = Modules;
			sourceTree = "<group>";
		};
		414A8076190187D70099CD23 /* View Controller */ = {
			isa = PBXGroup;
			children = (
				414A8077190187EB0099CD23 /* RLModulesViewController.h */,
				414A8078190187EB0099CD23 /* RLModulesViewController.m */,
			);
			name = "View Controller";
			sourceTree = "<group>";
		};
		414A807A190188D10099CD23 /* Layout */ = {
			isa = PBXGroup;
			children = (
				414A807B190188E50099CD23 /* RLModulesCollectionViewLayout.h */,
				414A807C190188E50099CD23 /* RLModulesCollectionViewLayout.m */,
			);
			name = Layout;
			sourceTree = "<group>";
		};
		43F097391901E52200DF0083 /* Layout */ = {
			isa = PBXGroup;
			children = (
				43F097401901FFA000DF0083 /* RLLayoutModule.h */,
				43F097411901FFA000DF0083 /* RLLayoutModule.m */,
				414A80701901806F0099CD23 /* RLTableModule.h */,
				414A80711901806F0099CD23 /* RLTableModule.m */,
				414A80731901816F0099CD23 /* RLGridModule.h */,
				414A80741901816F0099CD23 /* RLGridModule.m */,
				43F09743190205A300DF0083 /* RLMasonryModule.h */,
				43F09744190205A300DF0083 /* RLMasonryModule.m */,
			);
			name = Layout;
			sourceTree = "<group>";
		};
		43F0973A1901E52D00DF0083 /* Composed */ = {
			isa = PBXGroup;
			children = (
				43F097461902205800DF0083 /* RLComposedModule.h */,
				43F097471902205800DF0083 /* RLComposedModule.m */,
				43F097491902227C00DF0083 /* RLComposedArrayModule.h */,
				43F0974A1902227C00DF0083 /* RLComposedArrayModule.m */,
			);
			name = Composed;
			sourceTree = "<group>";
		};
/* End PBXGroup section */

/* Begin PBXNativeTarget section */
		414A80421901781F0099CD23 /* RLModules */ = {
			isa = PBXNativeTarget;
			buildConfigurationList = 414A80661901781F0099CD23 /* Build configuration list for PBXNativeTarget "RLModules" */;
			buildPhases = (
				414A803F1901781F0099CD23 /* Sources */,
				414A80401901781F0099CD23 /* Frameworks */,
				414A80411901781F0099CD23 /* CopyFiles */,
			);
			buildRules = (
			);
			dependencies = (
			);
			name = RLModules;
			productName = RLModules;
			productReference = 414A80431901781F0099CD23 /* libRLModules.a */;
			productType = "com.apple.product-type.library.static";
		};
		414A80521901781F0099CD23 /* RLModulesTests */ = {
			isa = PBXNativeTarget;
			buildConfigurationList = 414A80691901781F0099CD23 /* Build configuration list for PBXNativeTarget "RLModulesTests" */;
			buildPhases = (
				414A804F1901781F0099CD23 /* Sources */,
				414A80501901781F0099CD23 /* Frameworks */,
				414A80511901781F0099CD23 /* Resources */,
			);
			buildRules = (
			);
			dependencies = (
				414A805A1901781F0099CD23 /* PBXTargetDependency */,
			);
			name = RLModulesTests;
			productName = RLModulesTests;
			productReference = 414A80531901781F0099CD23 /* RLModulesTests.xctest */;
			productType = "com.apple.product-type.bundle.unit-test";
		};
/* End PBXNativeTarget section */

/* Begin PBXProject section */
		414A803B1901781F0099CD23 /* Project object */ = {
			isa = PBXProject;
			attributes = {
				LastUpgradeCheck = 0510;
				ORGANIZATIONNAME = eBay;
			};
			buildConfigurationList = 414A803E1901781F0099CD23 /* Build configuration list for PBXProject "RLModules" */;
			compatibilityVersion = "Xcode 3.2";
			developmentRegion = English;
			hasScannedForEncodings = 0;
			knownRegions = (
				en,
			);
			mainGroup = 414A803A1901781F0099CD23;
			productRefGroup = 414A80441901781F0099CD23 /* Products */;
			projectDirPath = "";
			projectRoot = "";
			targets = (
				414A80421901781F0099CD23 /* RLModules */,
				414A80521901781F0099CD23 /* RLModulesTests */,
			);
		};
/* End PBXProject section */

/* Begin PBXResourcesBuildPhase section */
		414A80511901781F0099CD23 /* Resources */ = {
			isa = PBXResourcesBuildPhase;
			buildActionMask = 2147483647;
			files = (
				414A80611901781F0099CD23 /* InfoPlist.strings in Resources */,
			);
			runOnlyForDeploymentPostprocessing = 0;
		};
/* End PBXResourcesBuildPhase section */

/* Begin PBXSourcesBuildPhase section */
		414A803F1901781F0099CD23 /* Sources */ = {
			isa = PBXSourcesBuildPhase;
			buildActionMask = 2147483647;
			files = (
				414A80721901806F0099CD23 /* RLTableModule.m in Sources */,
				43F0974B1902227C00DF0083 /* RLComposedArrayModule.m in Sources */,
				43F09745190205A300DF0083 /* RLMasonryModule.m in Sources */,
				43F097481902205800DF0083 /* RLComposedModule.m in Sources */,
				43F097421901FFA000DF0083 /* RLLayoutModule.m in Sources */,
				414A806F190178540099CD23 /* RLModule.m in Sources */,
				414A8079190187EB0099CD23 /* RLModulesViewController.m in Sources */,
				414A807D190188E50099CD23 /* RLModulesCollectionViewLayout.m in Sources */,
				414A80751901816F0099CD23 /* RLGridModule.m in Sources */,
			);
			runOnlyForDeploymentPostprocessing = 0;
		};
		414A804F1901781F0099CD23 /* Sources */ = {
			isa = PBXSourcesBuildPhase;
			buildActionMask = 2147483647;
			files = (
				414A80631901781F0099CD23 /* RLModulesTests.m in Sources */,
			);
			runOnlyForDeploymentPostprocessing = 0;
		};
/* End PBXSourcesBuildPhase section */

/* Begin PBXTargetDependency section */
		414A805A1901781F0099CD23 /* PBXTargetDependency */ = {
			isa = PBXTargetDependency;
			target = 414A80421901781F0099CD23 /* RLModules */;
			targetProxy = 414A80591901781F0099CD23 /* PBXContainerItemProxy */;
		};
/* End PBXTargetDependency section */

/* Begin PBXVariantGroup section */
		414A805F1901781F0099CD23 /* InfoPlist.strings */ = {
			isa = PBXVariantGroup;
			children = (
				414A80601901781F0099CD23 /* en */,
			);
			name = InfoPlist.strings;
			sourceTree = "<group>";
		};
/* End PBXVariantGroup section */

/* Begin XCBuildConfiguration section */
		414A80641901781F0099CD23 /* Debug */ = {
			isa = XCBuildConfiguration;
			buildSettings = {
				ALWAYS_SEARCH_USER_PATHS = NO;
				CLANG_CXX_LANGUAGE_STANDARD = "gnu++0x";
				CLANG_CXX_LIBRARY = "libc++";
				CLANG_ENABLE_MODULES = YES;
				CLANG_ENABLE_OBJC_ARC = YES;
				CLANG_WARN_BOOL_CONVERSION = YES;
				CLANG_WARN_CONSTANT_CONVERSION = YES;
				CLANG_WARN_DIRECT_OBJC_ISA_USAGE = YES_ERROR;
				CLANG_WARN_EMPTY_BODY = YES;
				CLANG_WARN_ENUM_CONVERSION = YES;
				CLANG_WARN_INT_CONVERSION = YES;
				CLANG_WARN_OBJC_ROOT_CLASS = YES_ERROR;
				CLANG_WARN__DUPLICATE_METHOD_MATCH = YES;
				COPY_PHASE_STRIP = NO;
				GCC_C_LANGUAGE_STANDARD = gnu99;
				GCC_DYNAMIC_NO_PIC = NO;
				GCC_OPTIMIZATION_LEVEL = 0;
				GCC_PREPROCESSOR_DEFINITIONS = (
					"DEBUG=1",
					"$(inherited)",
				);
				GCC_SYMBOLS_PRIVATE_EXTERN = NO;
				GCC_WARN_64_TO_32_BIT_CONVERSION = YES;
				GCC_WARN_ABOUT_RETURN_TYPE = YES_ERROR;
				GCC_WARN_UNDECLARED_SELECTOR = YES;
				GCC_WARN_UNINITIALIZED_AUTOS = YES_AGGRESSIVE;
				GCC_WARN_UNUSED_FUNCTION = YES;
				GCC_WARN_UNUSED_VARIABLE = YES;
				IPHONEOS_DEPLOYMENT_TARGET = 7.1;
				ONLY_ACTIVE_ARCH = YES;
				SDKROOT = iphoneos;
			};
			name = Debug;
		};
		414A80651901781F0099CD23 /* Release */ = {
			isa = XCBuildConfiguration;
			buildSettings = {
				ALWAYS_SEARCH_USER_PATHS = NO;
				CLANG_CXX_LANGUAGE_STANDARD = "gnu++0x";
				CLANG_CXX_LIBRARY = "libc++";
				CLANG_ENABLE_MODULES = YES;
				CLANG_ENABLE_OBJC_ARC = YES;
				CLANG_WARN_BOOL_CONVERSION = YES;
				CLANG_WARN_CONSTANT_CONVERSION = YES;
				CLANG_WARN_DIRECT_OBJC_ISA_USAGE = YES_ERROR;
				CLANG_WARN_EMPTY_BODY = YES;
				CLANG_WARN_ENUM_CONVERSION = YES;
				CLANG_WARN_INT_CONVERSION = YES;
				CLANG_WARN_OBJC_ROOT_CLASS = YES_ERROR;
				CLANG_WARN__DUPLICATE_METHOD_MATCH = YES;
				COPY_PHASE_STRIP = YES;
				ENABLE_NS_ASSERTIONS = NO;
				GCC_C_LANGUAGE_STANDARD = gnu99;
				GCC_WARN_64_TO_32_BIT_CONVERSION = YES;
				GCC_WARN_ABOUT_RETURN_TYPE = YES_ERROR;
				GCC_WARN_UNDECLARED_SELECTOR = YES;
				GCC_WARN_UNINITIALIZED_AUTOS = YES_AGGRESSIVE;
				GCC_WARN_UNUSED_FUNCTION = YES;
				GCC_WARN_UNUSED_VARIABLE = YES;
				IPHONEOS_DEPLOYMENT_TARGET = 7.1;
				SDKROOT = iphoneos;
				VALIDATE_PRODUCT = YES;
			};
			name = Release;
		};
		414A80671901781F0099CD23 /* Debug */ = {
			isa = XCBuildConfiguration;
			buildSettings = {
				DSTROOT = /tmp/RLModules.dst;
				GCC_PRECOMPILE_PREFIX_HEADER = YES;
				GCC_PREFIX_HEADER = "RLModules/RLModules-Prefix.pch";
				OTHER_LDFLAGS = "-ObjC";
				PRODUCT_NAME = "$(TARGET_NAME)";
				SKIP_INSTALL = YES;
			};
			name = Debug;
		};
		414A80681901781F0099CD23 /* Release */ = {
			isa = XCBuildConfiguration;
			buildSettings = {
				DSTROOT = /tmp/RLModules.dst;
				GCC_PRECOMPILE_PREFIX_HEADER = YES;
				GCC_PREFIX_HEADER = "RLModules/RLModules-Prefix.pch";
				OTHER_LDFLAGS = "-ObjC";
				PRODUCT_NAME = "$(TARGET_NAME)";
				SKIP_INSTALL = YES;
			};
			name = Release;
		};
		414A806A1901781F0099CD23 /* Debug */ = {
			isa = XCBuildConfiguration;
			buildSettings = {
				FRAMEWORK_SEARCH_PATHS = (
					"$(SDKROOT)/Developer/Library/Frameworks",
					"$(inherited)",
					"$(DEVELOPER_FRAMEWORKS_DIR)",
				);
				GCC_PRECOMPILE_PREFIX_HEADER = YES;
				GCC_PREFIX_HEADER = "RLModules/RLModules-Prefix.pch";
				GCC_PREPROCESSOR_DEFINITIONS = (
					"DEBUG=1",
					"$(inherited)",
				);
				INFOPLIST_FILE = "RLModulesTests/RLModulesTests-Info.plist";
				PRODUCT_NAME = "$(TARGET_NAME)";
				WRAPPER_EXTENSION = xctest;
			};
			name = Debug;
		};
		414A806B1901781F0099CD23 /* Release */ = {
			isa = XCBuildConfiguration;
			buildSettings = {
				FRAMEWORK_SEARCH_PATHS = (
					"$(SDKROOT)/Developer/Library/Frameworks",
					"$(inherited)",
					"$(DEVELOPER_FRAMEWORKS_DIR)",
				);
				GCC_PRECOMPILE_PREFIX_HEADER = YES;
				GCC_PREFIX_HEADER = "RLModules/RLModules-Prefix.pch";
				INFOPLIST_FILE = "RLModulesTests/RLModulesTests-Info.plist";
				PRODUCT_NAME = "$(TARGET_NAME)";
				WRAPPER_EXTENSION = xctest;
			};
			name = Release;
		};
/* End XCBuildConfiguration section */

/* Begin XCConfigurationList section */
		414A803E1901781F0099CD23 /* Build configuration list for PBXProject "RLModules" */ = {
			isa = XCConfigurationList;
			buildConfigurations = (
				414A80641901781F0099CD23 /* Debug */,
				414A80651901781F0099CD23 /* Release */,
			);
			defaultConfigurationIsVisible = 0;
			defaultConfigurationName = Release;
		};
		414A80661901781F0099CD23 /* Build configuration list for PBXNativeTarget "RLModules" */ = {
			isa = XCConfigurationList;
			buildConfigurations = (
				414A80671901781F0099CD23 /* Debug */,
				414A80681901781F0099CD23 /* Release */,
			);
			defaultConfigurationIsVisible = 0;
			defaultConfigurationName = Release;
		};
		414A80691901781F0099CD23 /* Build configuration list for PBXNativeTarget "RLModulesTests" */ = {
			isa = XCConfigurationList;
			buildConfigurations = (
				414A806A1901781F0099CD23 /* Debug */,
				414A806B1901781F0099CD23 /* Release */,
			);
			defaultConfigurationIsVisible = 0;
			defaultConfigurationName = Release;
		};
/* End XCConfigurationList section */
	};
	rootObject = 414A803B1901781F0099CD23 /* Project object */;
}
